
Microsoft Visual Studio Solution File, Format Version 12.00
# Visual Studio Version 17
VisualStudioVersion = 17.14.36301.6
MinimumVisualStudioVersion = 10.0.40219.1
Project("{2150E333-8FDC-42A3-9474-1A3956D46DE8}") = "Элементы решения", "Элементы решения", "{754FC069-D67B-A9D7-50A1-8D1CA196D8F1}"
	ProjectSection(SolutionItems) = preProject
		.gitignore = .gitignore
		docker-compose.yml = docker-compose.yml
	EndProjectSection
EndProject
Project("{FAE04EC0-301F-11D3-BF4B-00C04F79EFBC}") = "DocumentSearch", "DocumentSearch\DocumentSearch.csproj", "{56F6AD6E-D202-48B0-821A-531F670615D7}"
EndProject
Project("{FAE04EC0-301F-11D3-BF4B-00C04F79EFBC}") = "WebAPI", "WebAPI\WebAPI.csproj", "{7F054178-F4A5-4886-B3D1-EAC3DEDF1243}"
EndProject
Project("{FAE04EC0-301F-11D3-BF4B-00C04F79EFBC}") = "DataProcessingWorker", "DataProcessingWorker\DataProcessingWorker.csproj", "{31F4B23B-7C65-404A-AC43-B136CA5C6A90}"
EndProject
Global
	GlobalSection(SolutionConfigurationPlatforms) = preSolution
		Debug|Any CPU = Debug|Any CPU
		Release|Any CPU = Release|Any CPU
	EndGlobalSection
	GlobalSection(ProjectConfigurationPlatforms) = postSolution
		{56F6AD6E-D202-48B0-821A-531F670615D7}.Debug|Any CPU.ActiveCfg = Debug|Any CPU
		{56F6AD6E-D202-48B0-821A-531F670615D7}.Debug|Any CPU.Build.0 = Debug|Any CPU
		{56F6AD6E-D202-48B0-821A-531F670615D7}.Release|Any CPU.ActiveCfg = Release|Any CPU
		{56F6AD6E-D202-48B0-821A-531F670615D7}.Release|Any CPU.Build.0 = Release|Any CPU
		{7F054178-F4A5-4886-B3D1-EAC3DEDF1243}.Debug|Any CPU.ActiveCfg = Debug|Any CPU
		{7F054178-F4A5-4886-B3D1-EAC3DEDF1243}.Debug|Any CPU.Build.0 = Debug|Any CPU
		{7F054178-F4A5-4886-B3D1-EAC3DEDF1243}.Release|Any CPU.ActiveCfg = Release|Any CPU
		{7F054178-F4A5-4886-B3D1-EAC3DEDF1243}.Release|Any CPU.Build.0 = Release|Any CPU
		{31F4B23B-7C65-404A-AC43-B136CA5C6A90}.Debug|Any CPU.ActiveCfg = Debug|Any CPU
		{31F4B23B-7C65-404A-AC43-B136CA5C6A90}.Debug|Any CPU.Build.0 = Debug|Any CPU
		{31F4B23B-7C65-404A-AC43-B136CA5C6A90}.Release|Any CPU.ActiveCfg = Release|Any CPU
		{31F4B23B-7C65-404A-AC43-B136CA5C6A90}.Release|Any CPU.Build.0 = Release|Any CPU
	EndGlobalSection
	GlobalSection(SolutionProperties) = preSolution
		HideSolutionNode = FALSE
	EndGlobalSection
	GlobalSection(ExtensibilityGlobals) = postSolution
		SolutionGuid = {A6FD6F20-4F53-40F0-9FAF-BEDABB48A0B9}
	EndGlobalSection
EndGlobal
